// !$*UTF8*$!
{
	archiveVersion = 1;
	classes = {
	};
	objectVersion = 46;
	objects = {

/* Begin PBXBuildFile section */
		D09B0B581B0E66C700AC15A1 /* RACAction.h in Headers */ = {isa = PBXBuildFile; fileRef = D09B0B571B0E66C700AC15A1 /* RACAction.h */; settings = {ATTRIBUTES = (Public, ); }; };
		D09B0B5E1B0E66C700AC15A1 /* RACAction.framework in Frameworks */ = {isa = PBXBuildFile; fileRef = D09B0B521B0E66C700AC15A1 /* RACAction.framework */; };
		D09B0B651B0E66C700AC15A1 /* RACActionTests.m in Sources */ = {isa = PBXBuildFile; fileRef = D09B0B641B0E66C700AC15A1 /* RACActionTests.m */; };
		D09B0B7E1B0E66FF00AC15A1 /* RACAction.framework in Frameworks */ = {isa = PBXBuildFile; fileRef = D09B0B731B0E66FF00AC15A1 /* RACAction.framework */; };
		D09B0BAA1B0E681600AC15A1 /* RACAction.h in Headers */ = {isa = PBXBuildFile; fileRef = D09B0B571B0E66C700AC15A1 /* RACAction.h */; settings = {ATTRIBUTES = (Public, ); }; };
		D09B0BAB1B0E681E00AC15A1 /* RACActionTests.m in Sources */ = {isa = PBXBuildFile; fileRef = D09B0B641B0E66C700AC15A1 /* RACActionTests.m */; };
		D09B0BAD1B0E684B00AC15A1 /* ReactiveCocoa.framework in Frameworks */ = {isa = PBXBuildFile; fileRef = D09B0BAC1B0E684B00AC15A1 /* ReactiveCocoa.framework */; };
		D09B0BAF1B0E685500AC15A1 /* ReactiveCocoa.framework in Frameworks */ = {isa = PBXBuildFile; fileRef = D09B0BAE1B0E685500AC15A1 /* ReactiveCocoa.framework */; };
		D09B0BB11B0E689800AC15A1 /* ReactiveCocoa.framework in Copy Frameworks */ = {isa = PBXBuildFile; fileRef = D09B0BAC1B0E684B00AC15A1 /* ReactiveCocoa.framework */; settings = {ATTRIBUTES = (CodeSignOnCopy, RemoveHeadersOnCopy, ); }; };
		D09B0BB31B0E68E000AC15A1 /* ReactiveCocoa.framework in Copy Frameworks */ = {isa = PBXBuildFile; fileRef = D09B0BAE1B0E685500AC15A1 /* ReactiveCocoa.framework */; settings = {ATTRIBUTES = (CodeSignOnCopy, RemoveHeadersOnCopy, ); }; };
/* End PBXBuildFile section */

/* Begin PBXContainerItemProxy section */
		D09B0B5F1B0E66C700AC15A1 /* PBXContainerItemProxy */ = {
			isa = PBXContainerItemProxy;
			containerPortal = D09B0B491B0E66C700AC15A1 /* Project object */;
			proxyType = 1;
			remoteGlobalIDString = D09B0B511B0E66C700AC15A1;
			remoteInfo = RACAction;
		};
		D09B0B7F1B0E66FF00AC15A1 /* PBXContainerItemProxy */ = {
			isa = PBXContainerItemProxy;
			containerPortal = D09B0B491B0E66C700AC15A1 /* Project object */;
			proxyType = 1;
			remoteGlobalIDString = D09B0B721B0E66FF00AC15A1;
			remoteInfo = RACAction;
		};
/* End PBXContainerItemProxy section */

/* Begin PBXCopyFilesBuildPhase section */
		D09B0BB01B0E689000AC15A1 /* Copy Frameworks */ = {
			isa = PBXCopyFilesBuildPhase;
			buildActionMask = 2147483647;
			dstPath = "";
			dstSubfolderSpec = 10;
			files = (
				D09B0BB11B0E689800AC15A1 /* ReactiveCocoa.framework in Copy Frameworks */,
			);
			name = "Copy Frameworks";
			runOnlyForDeploymentPostprocessing = 0;
		};
		D09B0BB21B0E68D900AC15A1 /* Copy Frameworks */ = {
			isa = PBXCopyFilesBuildPhase;
			buildActionMask = 2147483647;
			dstPath = "";
			dstSubfolderSpec = 10;
			files = (
				D09B0BB31B0E68E000AC15A1 /* ReactiveCocoa.framework in Copy Frameworks */,
			);
			name = "Copy Frameworks";
			runOnlyForDeploymentPostprocessing = 0;
		};
/* End PBXCopyFilesBuildPhase section */

/* Begin PBXFileReference section */
		D09B0B521B0E66C700AC15A1 /* RACAction.framework */ = {isa = PBXFileReference; explicitFileType = wrapper.framework; includeInIndex = 0; path = RACAction.framework; sourceTree = BUILT_PRODUCTS_DIR; };
		D09B0B561B0E66C700AC15A1 /* Info.plist */ = {isa = PBXFileReference; lastKnownFileType = text.plist.xml; path = Info.plist; sourceTree = "<group>"; };
		D09B0B571B0E66C700AC15A1 /* RACAction.h */ = {isa = PBXFileReference; lastKnownFileType = sourcecode.c.h; path = RACAction.h; sourceTree = "<group>"; };
		D09B0B5D1B0E66C700AC15A1 /* RACAction-iOSTests.xctest */ = {isa = PBXFileReference; explicitFileType = wrapper.cfbundle; includeInIndex = 0; path = "RACAction-iOSTests.xctest"; sourceTree = BUILT_PRODUCTS_DIR; };
		D09B0B631B0E66C700AC15A1 /* Info.plist */ = {isa = PBXFileReference; lastKnownFileType = text.plist.xml; path = Info.plist; sourceTree = "<group>"; };
		D09B0B641B0E66C700AC15A1 /* RACActionTests.m */ = {isa = PBXFileReference; lastKnownFileType = sourcecode.c.objc; path = RACActionTests.m; sourceTree = "<group>"; };
		D09B0B731B0E66FF00AC15A1 /* RACAction.framework */ = {isa = PBXFileReference; explicitFileType = wrapper.framework; includeInIndex = 0; path = RACAction.framework; sourceTree = BUILT_PRODUCTS_DIR; };
		D09B0B7D1B0E66FF00AC15A1 /* RACAction-MacTests.xctest */ = {isa = PBXFileReference; explicitFileType = wrapper.cfbundle; includeInIndex = 0; path = "RACAction-MacTests.xctest"; sourceTree = BUILT_PRODUCTS_DIR; };
		D09B0B8E1B0E676C00AC15A1 /* Common.xcconfig */ = {isa = PBXFileReference; lastKnownFileType = text.xcconfig; path = Common.xcconfig; sourceTree = "<group>"; };
		D09B0B901B0E676C00AC15A1 /* Debug.xcconfig */ = {isa = PBXFileReference; lastKnownFileType = text.xcconfig; path = Debug.xcconfig; sourceTree = "<group>"; };
		D09B0B911B0E676C00AC15A1 /* Profile.xcconfig */ = {isa = PBXFileReference; lastKnownFileType = text.xcconfig; path = Profile.xcconfig; sourceTree = "<group>"; };
		D09B0B921B0E676C00AC15A1 /* Release.xcconfig */ = {isa = PBXFileReference; lastKnownFileType = text.xcconfig; path = Release.xcconfig; sourceTree = "<group>"; };
		D09B0B931B0E676C00AC15A1 /* Test.xcconfig */ = {isa = PBXFileReference; lastKnownFileType = text.xcconfig; path = Test.xcconfig; sourceTree = "<group>"; };
		D09B0B951B0E676C00AC15A1 /* Application.xcconfig */ = {isa = PBXFileReference; lastKnownFileType = text.xcconfig; path = Application.xcconfig; sourceTree = "<group>"; };
		D09B0B961B0E676C00AC15A1 /* Framework.xcconfig */ = {isa = PBXFileReference; lastKnownFileType = text.xcconfig; path = Framework.xcconfig; sourceTree = "<group>"; };
		D09B0B971B0E676C00AC15A1 /* StaticLibrary.xcconfig */ = {isa = PBXFileReference; lastKnownFileType = text.xcconfig; path = StaticLibrary.xcconfig; sourceTree = "<group>"; };
		D09B0B9B1B0E676C00AC15A1 /* ReactiveCocoa.framework */ = {isa = PBXFileReference; lastKnownFileType = wrapper.framework; path = ReactiveCocoa.framework; sourceTree = "<group>"; };
		D09B0B9D1B0E676C00AC15A1 /* ReactiveCocoa.framework */ = {isa = PBXFileReference; lastKnownFileType = wrapper.framework; path = ReactiveCocoa.framework; sourceTree = "<group>"; };
		D09B0B9F1B0E676C00AC15A1 /* iOS-Application.xcconfig */ = {isa = PBXFileReference; lastKnownFileType = text.xcconfig; path = "iOS-Application.xcconfig"; sourceTree = "<group>"; };
		D09B0BA01B0E676C00AC15A1 /* iOS-Base.xcconfig */ = {isa = PBXFileReference; lastKnownFileType = text.xcconfig; path = "iOS-Base.xcconfig"; sourceTree = "<group>"; };
		D09B0BA11B0E676C00AC15A1 /* iOS-Framework.xcconfig */ = {isa = PBXFileReference; lastKnownFileType = text.xcconfig; path = "iOS-Framework.xcconfig"; sourceTree = "<group>"; };
		D09B0BA21B0E676C00AC15A1 /* iOS-StaticLibrary.xcconfig */ = {isa = PBXFileReference; lastKnownFileType = text.xcconfig; path = "iOS-StaticLibrary.xcconfig"; sourceTree = "<group>"; };
		D09B0BA41B0E676C00AC15A1 /* Mac-Application.xcconfig */ = {isa = PBXFileReference; lastKnownFileType = text.xcconfig; path = "Mac-Application.xcconfig"; sourceTree = "<group>"; };
		D09B0BA51B0E676C00AC15A1 /* Mac-Base.xcconfig */ = {isa = PBXFileReference; lastKnownFileType = text.xcconfig; path = "Mac-Base.xcconfig"; sourceTree = "<group>"; };
		D09B0BA61B0E676C00AC15A1 /* Mac-DynamicLibrary.xcconfig */ = {isa = PBXFileReference; lastKnownFileType = text.xcconfig; path = "Mac-DynamicLibrary.xcconfig"; sourceTree = "<group>"; };
		D09B0BA71B0E676C00AC15A1 /* Mac-Framework.xcconfig */ = {isa = PBXFileReference; lastKnownFileType = text.xcconfig; path = "Mac-Framework.xcconfig"; sourceTree = "<group>"; };
		D09B0BA81B0E676C00AC15A1 /* Mac-StaticLibrary.xcconfig */ = {isa = PBXFileReference; lastKnownFileType = text.xcconfig; path = "Mac-StaticLibrary.xcconfig"; sourceTree = "<group>"; };
		D09B0BA91B0E676C00AC15A1 /* README.md */ = {isa = PBXFileReference; lastKnownFileType = net.daringfireball.markdown; path = README.md; sourceTree = "<group>"; };
		D09B0BAC1B0E684B00AC15A1 /* ReactiveCocoa.framework */ = {isa = PBXFileReference; lastKnownFileType = wrapper.framework; name = ReactiveCocoa.framework; path = Carthage/Build/iOS/ReactiveCocoa.framework; sourceTree = SOURCE_ROOT; };
		D09B0BAE1B0E685500AC15A1 /* ReactiveCocoa.framework */ = {isa = PBXFileReference; lastKnownFileType = wrapper.framework; name = ReactiveCocoa.framework; path = Carthage/Build/Mac/ReactiveCocoa.framework; sourceTree = SOURCE_ROOT; };
/* End PBXFileReference section */

/* Begin PBXFrameworksBuildPhase section */
		D09B0B4E1B0E66C700AC15A1 /* Frameworks */ = {
			isa = PBXFrameworksBuildPhase;
			buildActionMask = 2147483647;
			files = (
				D09B0BAD1B0E684B00AC15A1 /* ReactiveCocoa.framework in Frameworks */,
			);
			runOnlyForDeploymentPostprocessing = 0;
		};
		D09B0B5A1B0E66C700AC15A1 /* Frameworks */ = {
			isa = PBXFrameworksBuildPhase;
			buildActionMask = 2147483647;
			files = (
				D09B0B5E1B0E66C700AC15A1 /* RACAction.framework in Frameworks */,
			);
			runOnlyForDeploymentPostprocessing = 0;
		};
		D09B0B6F1B0E66FF00AC15A1 /* Frameworks */ = {
			isa = PBXFrameworksBuildPhase;
			buildActionMask = 2147483647;
			files = (
				D09B0BAF1B0E685500AC15A1 /* ReactiveCocoa.framework in Frameworks */,
			);
			runOnlyForDeploymentPostprocessing = 0;
		};
		D09B0B7A1B0E66FF00AC15A1 /* Frameworks */ = {
			isa = PBXFrameworksBuildPhase;
			buildActionMask = 2147483647;
			files = (
				D09B0B7E1B0E66FF00AC15A1 /* RACAction.framework in Frameworks */,
			);
			runOnlyForDeploymentPostprocessing = 0;
		};
/* End PBXFrameworksBuildPhase section */

/* Begin PBXGroup section */
		D09B0B481B0E66C700AC15A1 = {
			isa = PBXGroup;
			children = (
				D09B0B541B0E66C700AC15A1 /* RACAction */,
				D09B0B611B0E66C700AC15A1 /* RACActionTests */,
				D09B0B8C1B0E676C00AC15A1 /* Configuration */,
				D09B0B531B0E66C700AC15A1 /* Products */,
			);
			sourceTree = "<group>";
		};
		D09B0B531B0E66C700AC15A1 /* Products */ = {
			isa = PBXGroup;
			children = (
				D09B0B521B0E66C700AC15A1 /* RACAction.framework */,
				D09B0B5D1B0E66C700AC15A1 /* RACAction-iOSTests.xctest */,
				D09B0B731B0E66FF00AC15A1 /* RACAction.framework */,
				D09B0B7D1B0E66FF00AC15A1 /* RACAction-MacTests.xctest */,
			);
			name = Products;
			sourceTree = "<group>";
		};
		D09B0B541B0E66C700AC15A1 /* RACAction */ = {
			isa = PBXGroup;
			children = (
				D09B0B571B0E66C700AC15A1 /* RACAction.h */,
				D09B0B551B0E66C700AC15A1 /* Supporting Files */,
			);
			path = RACAction;
			sourceTree = "<group>";
		};
		D09B0B551B0E66C700AC15A1 /* Supporting Files */ = {
			isa = PBXGroup;
			children = (
				D09B0BAC1B0E684B00AC15A1 /* ReactiveCocoa.framework */,
				D09B0BAE1B0E685500AC15A1 /* ReactiveCocoa.framework */,
				D09B0B561B0E66C700AC15A1 /* Info.plist */,
			);
			name = "Supporting Files";
			sourceTree = "<group>";
		};
		D09B0B611B0E66C700AC15A1 /* RACActionTests */ = {
			isa = PBXGroup;
			children = (
				D09B0B641B0E66C700AC15A1 /* RACActionTests.m */,
				D09B0B621B0E66C700AC15A1 /* Supporting Files */,
			);
			path = RACActionTests;
			sourceTree = "<group>";
		};
		D09B0B621B0E66C700AC15A1 /* Supporting Files */ = {
			isa = PBXGroup;
			children = (
				D09B0B631B0E66C700AC15A1 /* Info.plist */,
			);
			name = "Supporting Files";
			sourceTree = "<group>";
		};
		D09B0B8C1B0E676C00AC15A1 /* Configuration */ = {
			isa = PBXGroup;
			children = (
				D09B0B8D1B0E676C00AC15A1 /* Base */,
				D09B0B981B0E676C00AC15A1 /* Carthage */,
				D09B0B9E1B0E676C00AC15A1 /* iOS */,
				D09B0BA31B0E676C00AC15A1 /* Mac OS X */,
				D09B0BA91B0E676C00AC15A1 /* README.md */,
			);
			name = Configuration;
			path = Carthage/Checkouts/xcconfigs;
			sourceTree = "<group>";
		};
		D09B0B8D1B0E676C00AC15A1 /* Base */ = {
			isa = PBXGroup;
			children = (
				D09B0B8E1B0E676C00AC15A1 /* Common.xcconfig */,
				D09B0B8F1B0E676C00AC15A1 /* Configurations */,
				D09B0B941B0E676C00AC15A1 /* Targets */,
			);
			path = Base;
			sourceTree = "<group>";
		};
		D09B0B8F1B0E676C00AC15A1 /* Configurations */ = {
			isa = PBXGroup;
			children = (
				D09B0B901B0E676C00AC15A1 /* Debug.xcconfig */,
				D09B0B911B0E676C00AC15A1 /* Profile.xcconfig */,
				D09B0B921B0E676C00AC15A1 /* Release.xcconfig */,
				D09B0B931B0E676C00AC15A1 /* Test.xcconfig */,
			);
			path = Configurations;
			sourceTree = "<group>";
		};
		D09B0B941B0E676C00AC15A1 /* Targets */ = {
			isa = PBXGroup;
			children = (
				D09B0B951B0E676C00AC15A1 /* Application.xcconfig */,
				D09B0B961B0E676C00AC15A1 /* Framework.xcconfig */,
				D09B0B971B0E676C00AC15A1 /* StaticLibrary.xcconfig */,
			);
			path = Targets;
			sourceTree = "<group>";
		};
		D09B0B981B0E676C00AC15A1 /* Carthage */ = {
			isa = PBXGroup;
			children = (
				D09B0B991B0E676C00AC15A1 /* Build */,
			);
			path = Carthage;
			sourceTree = "<group>";
		};
		D09B0B991B0E676C00AC15A1 /* Build */ = {
			isa = PBXGroup;
			children = (
				D09B0B9A1B0E676C00AC15A1 /* iOS */,
				D09B0B9C1B0E676C00AC15A1 /* Mac */,
			);
			path = Build;
			sourceTree = "<group>";
		};
		D09B0B9A1B0E676C00AC15A1 /* iOS */ = {
			isa = PBXGroup;
			children = (
				D09B0B9B1B0E676C00AC15A1 /* ReactiveCocoa.framework */,
			);
			path = iOS;
			sourceTree = "<group>";
		};
		D09B0B9C1B0E676C00AC15A1 /* Mac */ = {
			isa = PBXGroup;
			children = (
				D09B0B9D1B0E676C00AC15A1 /* ReactiveCocoa.framework */,
			);
			path = Mac;
			sourceTree = "<group>";
		};
		D09B0B9E1B0E676C00AC15A1 /* iOS */ = {
			isa = PBXGroup;
			children = (
				D09B0B9F1B0E676C00AC15A1 /* iOS-Application.xcconfig */,
				D09B0BA01B0E676C00AC15A1 /* iOS-Base.xcconfig */,
				D09B0BA11B0E676C00AC15A1 /* iOS-Framework.xcconfig */,
				D09B0BA21B0E676C00AC15A1 /* iOS-StaticLibrary.xcconfig */,
			);
			path = iOS;
			sourceTree = "<group>";
		};
		D09B0BA31B0E676C00AC15A1 /* Mac OS X */ = {
			isa = PBXGroup;
			children = (
				D09B0BA41B0E676C00AC15A1 /* Mac-Application.xcconfig */,
				D09B0BA51B0E676C00AC15A1 /* Mac-Base.xcconfig */,
				D09B0BA61B0E676C00AC15A1 /* Mac-DynamicLibrary.xcconfig */,
				D09B0BA71B0E676C00AC15A1 /* Mac-Framework.xcconfig */,
				D09B0BA81B0E676C00AC15A1 /* Mac-StaticLibrary.xcconfig */,
			);
			path = "Mac OS X";
			sourceTree = "<group>";
		};
/* End PBXGroup section */

/* Begin PBXHeadersBuildPhase section */
		D09B0B4F1B0E66C700AC15A1 /* Headers */ = {
			isa = PBXHeadersBuildPhase;
			buildActionMask = 2147483647;
			files = (
				D09B0B581B0E66C700AC15A1 /* RACAction.h in Headers */,
			);
			runOnlyForDeploymentPostprocessing = 0;
		};
		D09B0B701B0E66FF00AC15A1 /* Headers */ = {
			isa = PBXHeadersBuildPhase;
			buildActionMask = 2147483647;
			files = (
				D09B0BAA1B0E681600AC15A1 /* RACAction.h in Headers */,
			);
			runOnlyForDeploymentPostprocessing = 0;
		};
/* End PBXHeadersBuildPhase section */

/* Begin PBXNativeTarget section */
		D09B0B511B0E66C700AC15A1 /* RACAction-iOS */ = {
			isa = PBXNativeTarget;
			buildConfigurationList = D09B0B681B0E66C700AC15A1 /* Build configuration list for PBXNativeTarget "RACAction-iOS" */;
			buildPhases = (
				D09B0B4D1B0E66C700AC15A1 /* Sources */,
				D09B0B4E1B0E66C700AC15A1 /* Frameworks */,
				D09B0B4F1B0E66C700AC15A1 /* Headers */,
				D09B0B501B0E66C700AC15A1 /* Resources */,
			);
			buildRules = (
			);
			dependencies = (
			);
			name = "RACAction-iOS";
			productName = RACAction;
			productReference = D09B0B521B0E66C700AC15A1 /* RACAction.framework */;
			productType = "com.apple.product-type.framework";
		};
		D09B0B5C1B0E66C700AC15A1 /* RACAction-iOSTests */ = {
			isa = PBXNativeTarget;
			buildConfigurationList = D09B0B6B1B0E66C700AC15A1 /* Build configuration list for PBXNativeTarget "RACAction-iOSTests" */;
			buildPhases = (
				D09B0B591B0E66C700AC15A1 /* Sources */,
				D09B0B5A1B0E66C700AC15A1 /* Frameworks */,
				D09B0B5B1B0E66C700AC15A1 /* Resources */,
				D09B0BB01B0E689000AC15A1 /* Copy Frameworks */,
			);
			buildRules = (
			);
			dependencies = (
				D09B0B601B0E66C700AC15A1 /* PBXTargetDependency */,
			);
			name = "RACAction-iOSTests";
			productName = RACActionTests;
			productReference = D09B0B5D1B0E66C700AC15A1 /* RACAction-iOSTests.xctest */;
			productType = "com.apple.product-type.bundle.unit-test";
		};
		D09B0B721B0E66FF00AC15A1 /* RACAction-Mac */ = {
			isa = PBXNativeTarget;
			buildConfigurationList = D09B0B861B0E66FF00AC15A1 /* Build configuration list for PBXNativeTarget "RACAction-Mac" */;
			buildPhases = (
				D09B0B6E1B0E66FF00AC15A1 /* Sources */,
				D09B0B6F1B0E66FF00AC15A1 /* Frameworks */,
				D09B0B701B0E66FF00AC15A1 /* Headers */,
				D09B0B711B0E66FF00AC15A1 /* Resources */,
			);
			buildRules = (
			);
			dependencies = (
			);
			name = "RACAction-Mac";
			productName = RACAction;
			productReference = D09B0B731B0E66FF00AC15A1 /* RACAction.framework */;
			productType = "com.apple.product-type.framework";
		};
		D09B0B7C1B0E66FF00AC15A1 /* RACAction-MacTests */ = {
			isa = PBXNativeTarget;
			buildConfigurationList = D09B0B891B0E66FF00AC15A1 /* Build configuration list for PBXNativeTarget "RACAction-MacTests" */;
			buildPhases = (
				D09B0B791B0E66FF00AC15A1 /* Sources */,
				D09B0B7A1B0E66FF00AC15A1 /* Frameworks */,
				D09B0B7B1B0E66FF00AC15A1 /* Resources */,
				D09B0BB21B0E68D900AC15A1 /* Copy Frameworks */,
			);
			buildRules = (
			);
			dependencies = (
				D09B0B801B0E66FF00AC15A1 /* PBXTargetDependency */,
			);
			name = "RACAction-MacTests";
			productName = RACActionTests;
			productReference = D09B0B7D1B0E66FF00AC15A1 /* RACAction-MacTests.xctest */;
			productType = "com.apple.product-type.bundle.unit-test";
		};
/* End PBXNativeTarget section */

/* Begin PBXProject section */
		D09B0B491B0E66C700AC15A1 /* Project object */ = {
			isa = PBXProject;
			attributes = {
				LastUpgradeCheck = 0630;
				ORGANIZATIONNAME = Automatic;
				TargetAttributes = {
					D09B0B511B0E66C700AC15A1 = {
						CreatedOnToolsVersion = 6.3.2;
					};
					D09B0B5C1B0E66C700AC15A1 = {
						CreatedOnToolsVersion = 6.3.2;
					};
					D09B0B721B0E66FF00AC15A1 = {
						CreatedOnToolsVersion = 6.3.2;
					};
					D09B0B7C1B0E66FF00AC15A1 = {
						CreatedOnToolsVersion = 6.3.2;
					};
				};
			};
			buildConfigurationList = D09B0B4C1B0E66C700AC15A1 /* Build configuration list for PBXProject "RACAction" */;
			compatibilityVersion = "Xcode 3.2";
			developmentRegion = English;
			hasScannedForEncodings = 0;
			knownRegions = (
				en,
			);
			mainGroup = D09B0B481B0E66C700AC15A1;
			productRefGroup = D09B0B531B0E66C700AC15A1 /* Products */;
			projectDirPath = "";
			projectRoot = "";
			targets = (
				D09B0B511B0E66C700AC15A1 /* RACAction-iOS */,
				D09B0B5C1B0E66C700AC15A1 /* RACAction-iOSTests */,
				D09B0B721B0E66FF00AC15A1 /* RACAction-Mac */,
				D09B0B7C1B0E66FF00AC15A1 /* RACAction-MacTests */,
			);
		};
/* End PBXProject section */

/* Begin PBXResourcesBuildPhase section */
		D09B0B501B0E66C700AC15A1 /* Resources */ = {
			isa = PBXResourcesBuildPhase;
			buildActionMask = 2147483647;
			files = (
			);
			runOnlyForDeploymentPostprocessing = 0;
		};
		D09B0B5B1B0E66C700AC15A1 /* Resources */ = {
			isa = PBXResourcesBuildPhase;
			buildActionMask = 2147483647;
			files = (
			);
			runOnlyForDeploymentPostprocessing = 0;
		};
		D09B0B711B0E66FF00AC15A1 /* Resources */ = {
			isa = PBXResourcesBuildPhase;
			buildActionMask = 2147483647;
			files = (
			);
			runOnlyForDeploymentPostprocessing = 0;
		};
		D09B0B7B1B0E66FF00AC15A1 /* Resources */ = {
			isa = PBXResourcesBuildPhase;
			buildActionMask = 2147483647;
			files = (
			);
			runOnlyForDeploymentPostprocessing = 0;
		};
/* End PBXResourcesBuildPhase section */

/* Begin PBXSourcesBuildPhase section */
		D09B0B4D1B0E66C700AC15A1 /* Sources */ = {
			isa = PBXSourcesBuildPhase;
			buildActionMask = 2147483647;
			files = (
			);
			runOnlyForDeploymentPostprocessing = 0;
		};
		D09B0B591B0E66C700AC15A1 /* Sources */ = {
			isa = PBXSourcesBuildPhase;
			buildActionMask = 2147483647;
			files = (
				D09B0B651B0E66C700AC15A1 /* RACActionTests.m in Sources */,
			);
			runOnlyForDeploymentPostprocessing = 0;
		};
		D09B0B6E1B0E66FF00AC15A1 /* Sources */ = {
			isa = PBXSourcesBuildPhase;
			buildActionMask = 2147483647;
			files = (
			);
			runOnlyForDeploymentPostprocessing = 0;
		};
		D09B0B791B0E66FF00AC15A1 /* Sources */ = {
			isa = PBXSourcesBuildPhase;
			buildActionMask = 2147483647;
			files = (
				D09B0BAB1B0E681E00AC15A1 /* RACActionTests.m in Sources */,
			);
			runOnlyForDeploymentPostprocessing = 0;
		};
/* End PBXSourcesBuildPhase section */

/* Begin PBXTargetDependency section */
		D09B0B601B0E66C700AC15A1 /* PBXTargetDependency */ = {
			isa = PBXTargetDependency;
			target = D09B0B511B0E66C700AC15A1 /* RACAction-iOS */;
			targetProxy = D09B0B5F1B0E66C700AC15A1 /* PBXContainerItemProxy */;
		};
		D09B0B801B0E66FF00AC15A1 /* PBXTargetDependency */ = {
			isa = PBXTargetDependency;
			target = D09B0B721B0E66FF00AC15A1 /* RACAction-Mac */;
			targetProxy = D09B0B7F1B0E66FF00AC15A1 /* PBXContainerItemProxy */;
		};
/* End PBXTargetDependency section */

/* Begin XCBuildConfiguration section */
		D09B0B661B0E66C700AC15A1 /* Debug */ = {
			isa = XCBuildConfiguration;
			baseConfigurationReference = D09B0B901B0E676C00AC15A1 /* Debug.xcconfig */;
			buildSettings = {
				CURRENT_PROJECT_VERSION = 1;
				IPHONEOS_DEPLOYMENT_TARGET = 8.0;
				MACOSX_DEPLOYMENT_TARGET = 10.9;
				TARGETED_DEVICE_FAMILY = "1,2";
				VERSIONING_SYSTEM = "apple-generic";
				VERSION_INFO_PREFIX = "";
			};
			name = Debug;
		};
		D09B0B671B0E66C700AC15A1 /* Release */ = {
			isa = XCBuildConfiguration;
			baseConfigurationReference = D09B0B921B0E676C00AC15A1 /* Release.xcconfig */;
			buildSettings = {
				CURRENT_PROJECT_VERSION = 1;
				IPHONEOS_DEPLOYMENT_TARGET = 8.0;
				MACOSX_DEPLOYMENT_TARGET = 10.9;
				TARGETED_DEVICE_FAMILY = "1,2";
				VERSIONING_SYSTEM = "apple-generic";
				VERSION_INFO_PREFIX = "";
			};
			name = Release;
		};
		D09B0B691B0E66C700AC15A1 /* Debug */ = {
			isa = XCBuildConfiguration;
			baseConfigurationReference = D09B0BA11B0E676C00AC15A1 /* iOS-Framework.xcconfig */;
			buildSettings = {
				DYLIB_COMPATIBILITY_VERSION = 1;
				DYLIB_CURRENT_VERSION = 1;
				FRAMEWORK_SEARCH_PATHS = (
					"$(inherited)",
					Carthage/Build/iOS,
				);
				INFOPLIST_FILE = RACAction/Info.plist;
			};
			name = Debug;
		};
		D09B0B6A1B0E66C700AC15A1 /* Release */ = {
			isa = XCBuildConfiguration;
			baseConfigurationReference = D09B0BA11B0E676C00AC15A1 /* iOS-Framework.xcconfig */;
			buildSettings = {
				DYLIB_COMPATIBILITY_VERSION = 1;
				DYLIB_CURRENT_VERSION = 1;
				FRAMEWORK_SEARCH_PATHS = (
					"$(inherited)",
					Carthage/Build/iOS,
				);
				INFOPLIST_FILE = RACAction/Info.plist;
			};
			name = Release;
		};
		D09B0B6C1B0E66C700AC15A1 /* Debug */ = {
			isa = XCBuildConfiguration;
			baseConfigurationReference = D09B0B9F1B0E676C00AC15A1 /* iOS-Application.xcconfig */;
			buildSettings = {
				FRAMEWORK_SEARCH_PATHS = (
					"$(SDKROOT)/Developer/Library/Frameworks",
					"$(inherited)",
					Carthage/Build/iOS,
				);
				INFOPLIST_FILE = RACActionTests/Info.plist;
				PRODUCT_NAME = "$(TARGET_NAME)";
			};
			name = Debug;
		};
		D09B0B6D1B0E66C700AC15A1 /* Release */ = {
			isa = XCBuildConfiguration;
			baseConfigurationReference = D09B0B9F1B0E676C00AC15A1 /* iOS-Application.xcconfig */;
			buildSettings = {
				FRAMEWORK_SEARCH_PATHS = (
					"$(SDKROOT)/Developer/Library/Frameworks",
					"$(inherited)",
					Carthage/Build/iOS,
				);
				INFOPLIST_FILE = RACActionTests/Info.plist;
				PRODUCT_NAME = "$(TARGET_NAME)";
			};
			name = Release;
		};
		D09B0B871B0E66FF00AC15A1 /* Debug */ = {
			isa = XCBuildConfiguration;
			baseConfigurationReference = D09B0BA71B0E676C00AC15A1 /* Mac-Framework.xcconfig */;
			buildSettings = {
				DYLIB_COMPATIBILITY_VERSION = 1;
				DYLIB_CURRENT_VERSION = 1;
				FRAMEWORK_SEARCH_PATHS = (
					"$(inherited)",
					Carthage/Build/Mac,
				);
				FRAMEWORK_VERSION = A;
				INFOPLIST_FILE = RACAction/Info.plist;
			};
			name = Debug;
		};
		D09B0B881B0E66FF00AC15A1 /* Release */ = {
			isa = XCBuildConfiguration;
			baseConfigurationReference = D09B0BA71B0E676C00AC15A1 /* Mac-Framework.xcconfig */;
			buildSettings = {
				DYLIB_COMPATIBILITY_VERSION = 1;
				DYLIB_CURRENT_VERSION = 1;
				FRAMEWORK_SEARCH_PATHS = (
					"$(inherited)",
					Carthage/Build/Mac,
				);
				FRAMEWORK_VERSION = A;
				INFOPLIST_FILE = RACAction/Info.plist;
			};
			name = Release;
		};
		D09B0B8A1B0E66FF00AC15A1 /* Debug */ = {
			isa = XCBuildConfiguration;
			baseConfigurationReference = D09B0BA41B0E676C00AC15A1 /* Mac-Application.xcconfig */;
			buildSettings = {
				FRAMEWORK_SEARCH_PATHS = (
					"$(DEVELOPER_FRAMEWORKS_DIR)",
					"$(inherited)",
					Carthage/Build/Mac,
				);
				INFOPLIST_FILE = RACActionTests/Info.plist;
				PRODUCT_NAME = "$(TARGET_NAME)";
			};
			name = Debug;
		};
		D09B0B8B1B0E66FF00AC15A1 /* Release */ = {
			isa = XCBuildConfiguration;
			baseConfigurationReference = D09B0BA41B0E676C00AC15A1 /* Mac-Application.xcconfig */;
			buildSettings = {
				FRAMEWORK_SEARCH_PATHS = (
					"$(DEVELOPER_FRAMEWORKS_DIR)",
					"$(inherited)",
					Carthage/Build/Mac,
				);
				INFOPLIST_FILE = RACActionTests/Info.plist;
				PRODUCT_NAME = "$(TARGET_NAME)";
			};
			name = Release;
		};
/* End XCBuildConfiguration section */

/* Begin XCConfigurationList section */
		D09B0B4C1B0E66C700AC15A1 /* Build configuration list for PBXProject "RACAction" */ = {
			isa = XCConfigurationList;
			buildConfigurations = (
				D09B0B661B0E66C700AC15A1 /* Debug */,
				D09B0B671B0E66C700AC15A1 /* Release */,
			);
			defaultConfigurationIsVisible = 0;
			defaultConfigurationName = Release;
		};
		D09B0B681B0E66C700AC15A1 /* Build configuration list for PBXNativeTarget "RACAction-iOS" */ = {
			isa = XCConfigurationList;
			buildConfigurations = (
				D09B0B691B0E66C700AC15A1 /* Debug */,
				D09B0B6A1B0E66C700AC15A1 /* Release */,
			);
			defaultConfigurationIsVisible = 0;
			defaultConfigurationName = Release;
		};
		D09B0B6B1B0E66C700AC15A1 /* Build configuration list for PBXNativeTarget "RACAction-iOSTests" */ = {
			isa = XCConfigurationList;
			buildConfigurations = (
				D09B0B6C1B0E66C700AC15A1 /* Debug */,
				D09B0B6D1B0E66C700AC15A1 /* Release */,
			);
			defaultConfigurationIsVisible = 0;
			defaultConfigurationName = Release;
		};
		D09B0B861B0E66FF00AC15A1 /* Build configuration list for PBXNativeTarget "RACAction-Mac" */ = {
			isa = XCConfigurationList;
			buildConfigurations = (
				D09B0B871B0E66FF00AC15A1 /* Debug */,
				D09B0B881B0E66FF00AC15A1 /* Release */,
			);
			defaultConfigurationIsVisible = 0;
			defaultConfigurationName = Release;
		};
		D09B0B891B0E66FF00AC15A1 /* Build configuration list for PBXNativeTarget "RACAction-MacTests" */ = {
			isa = XCConfigurationList;
			buildConfigurations = (
				D09B0B8A1B0E66FF00AC15A1 /* Debug */,
				D09B0B8B1B0E66FF00AC15A1 /* Release */,
			);
			defaultConfigurationIsVisible = 0;
			defaultConfigurationName = Release;
		};
/* End XCConfigurationList section */
	};
	rootObject = D09B0B491B0E66C700AC15A1 /* Project object */;
}
